
Microsoft Visual Studio Solution File, Format Version 12.00
# Visual Studio Version 17
VisualStudioVersion = 17.10.35122.118
MinimumVisualStudioVersion = 10.0.40219.1
Project("{FAE04EC0-301F-11D3-BF4B-00C04F79EFBC}") = "store_project", "store_project\store_project.csproj", "{95C89D19-3C68-4F0E-8600-973F38123011}"
EndProject
Global
	GlobalSection(SolutionConfigurationPlatforms) = preSolution
		Debug|Any CPU = Debug|Any CPU
		Release|Any CPU = Release|Any CPU
	EndGlobalSection
	GlobalSection(ProjectConfigurationPlatforms) = postSolution
		{95C89D19-3C68-4F0E-8600-973F38123011}.Debug|Any CPU.ActiveCfg = Debug|Any CPU
		{95C89D19-3C68-4F0E-8600-973F38123011}.Debug|Any CPU.Build.0 = Debug|Any CPU
		{95C89D19-3C68-4F0E-8600-973F38123011}.Release|Any CPU.ActiveCfg = Release|Any CPU
		{95C89D19-3C68-4F0E-8600-973F38123011}.Release|Any CPU.Build.0 = Release|Any CPU
	EndGlobalSection
	GlobalSection(SolutionProperties) = preSolution
		HideSolutionNode = FALSE
	EndGlobalSection
	GlobalSection(ExtensibilityGlobals) = postSolution
		SolutionGuid = {5B336D1E-6DC8-417F-A1FE-51D32099A531}
	EndGlobalSection
EndGlobal
